
Microsoft Visual Studio Solution File, Format Version 12.00
# Visual Studio Version 17
VisualStudioVersion = 17.4.33205.214
MinimumVisualStudioVersion = 10.0.40219.1
Project("{8BC9CEB8-8B4A-11D0-8D11-00A0C91BC942}") = "15-3", "15-3.vcxproj", "{6E00D6D1-C0CF-4477-93B7-407970887D81}"
EndProject
Global
	GlobalSection(SolutionConfigurationPlatforms) = preSolution
		Debug|x64 = Debug|x64
		Debug|x86 = Debug|x86
		Release|x64 = Release|x64
		Release|x86 = Release|x86
	EndGlobalSection
	GlobalSection(ProjectConfigurationPlatforms) = postSolution
		{6E00D6D1-C0CF-4477-93B7-407970887D81}.Debug|x64.ActiveCfg = Debug|x64
		{6E00D6D1-C0CF-4477-93B7-407970887D81}.Debug|x64.Build.0 = Debug|x64
		{6E00D6D1-C0CF-4477-93B7-407970887D81}.Debug|x86.ActiveCfg = Debug|Win32
		{6E00D6D1-C0CF-4477-93B7-407970887D81}.Debug|x86.Build.0 = Debug|Win32
		{6E00D6D1-C0CF-4477-93B7-407970887D81}.Release|x64.ActiveCfg = Release|x64
		{6E00D6D1-C0CF-4477-93B7-407970887D81}.Release|x64.Build.0 = Release|x64
		{6E00D6D1-C0CF-4477-93B7-407970887D81}.Release|x86.ActiveCfg = Release|Win32
		{6E00D6D1-C0CF-4477-93B7-407970887D81}.Release|x86.Build.0 = Release|Win32
	EndGlobalSection
	GlobalSection(SolutionProperties) = preSolution
		HideSolutionNode = FALSE
	EndGlobalSection
	GlobalSection(ExtensibilityGlobals) = postSolution
		SolutionGuid = {19FA7D8D-68A0-4D2B-BCEF-7DD83903A077}
	EndGlobalSection
EndGlobal
