
Microsoft Visual Studio Solution File, Format Version 12.00
# Visual Studio Version 17
VisualStudioVersion = 17.4.33205.214
MinimumVisualStudioVersion = 10.0.40219.1
Project("{8BC9CEB8-8B4A-11D0-8D11-00A0C91BC942}") = "15-8", "15-8.vcxproj", "{B11E8049-B49D-4FE9-A013-67FF540C947C}"
EndProject
Global
	GlobalSection(SolutionConfigurationPlatforms) = preSolution
		Debug|x64 = Debug|x64
		Debug|x86 = Debug|x86
		Release|x64 = Release|x64
		Release|x86 = Release|x86
	EndGlobalSection
	GlobalSection(ProjectConfigurationPlatforms) = postSolution
		{B11E8049-B49D-4FE9-A013-67FF540C947C}.Debug|x64.ActiveCfg = Debug|x64
		{B11E8049-B49D-4FE9-A013-67FF540C947C}.Debug|x64.Build.0 = Debug|x64
		{B11E8049-B49D-4FE9-A013-67FF540C947C}.Debug|x86.ActiveCfg = Debug|Win32
		{B11E8049-B49D-4FE9-A013-67FF540C947C}.Debug|x86.Build.0 = Debug|Win32
		{B11E8049-B49D-4FE9-A013-67FF540C947C}.Release|x64.ActiveCfg = Release|x64
		{B11E8049-B49D-4FE9-A013-67FF540C947C}.Release|x64.Build.0 = Release|x64
		{B11E8049-B49D-4FE9-A013-67FF540C947C}.Release|x86.ActiveCfg = Release|Win32
		{B11E8049-B49D-4FE9-A013-67FF540C947C}.Release|x86.Build.0 = Release|Win32
	EndGlobalSection
	GlobalSection(SolutionProperties) = preSolution
		HideSolutionNode = FALSE
	EndGlobalSection
	GlobalSection(ExtensibilityGlobals) = postSolution
		SolutionGuid = {65315255-C4D5-411B-AD5E-895E1E1E791E}
	EndGlobalSection
EndGlobal
