
Microsoft Visual Studio Solution File, Format Version 12.00
# Visual Studio Version 17
VisualStudioVersion = 17.4.33122.133
MinimumVisualStudioVersion = 10.0.40219.1
Project("{8BC9CEB8-8B4A-11D0-8D11-00A0C91BC942}") = "5-6", "5-6.vcxproj", "{BE9716B0-58FF-4E53-ACB0-D98066FE730A}"
EndProject
Global
	GlobalSection(SolutionConfigurationPlatforms) = preSolution
		Debug|x64 = Debug|x64
		Debug|x86 = Debug|x86
		Release|x64 = Release|x64
		Release|x86 = Release|x86
	EndGlobalSection
	GlobalSection(ProjectConfigurationPlatforms) = postSolution
		{BE9716B0-58FF-4E53-ACB0-D98066FE730A}.Debug|x64.ActiveCfg = Debug|x64
		{BE9716B0-58FF-4E53-ACB0-D98066FE730A}.Debug|x64.Build.0 = Debug|x64
		{BE9716B0-58FF-4E53-ACB0-D98066FE730A}.Debug|x86.ActiveCfg = Debug|Win32
		{BE9716B0-58FF-4E53-ACB0-D98066FE730A}.Debug|x86.Build.0 = Debug|Win32
		{BE9716B0-58FF-4E53-ACB0-D98066FE730A}.Release|x64.ActiveCfg = Release|x64
		{BE9716B0-58FF-4E53-ACB0-D98066FE730A}.Release|x64.Build.0 = Release|x64
		{BE9716B0-58FF-4E53-ACB0-D98066FE730A}.Release|x86.ActiveCfg = Release|Win32
		{BE9716B0-58FF-4E53-ACB0-D98066FE730A}.Release|x86.Build.0 = Release|Win32
	EndGlobalSection
	GlobalSection(SolutionProperties) = preSolution
		HideSolutionNode = FALSE
	EndGlobalSection
	GlobalSection(ExtensibilityGlobals) = postSolution
		SolutionGuid = {D44E9F94-798D-48A3-88B4-BD18D7ACE09E}
	EndGlobalSection
EndGlobal
