
Microsoft Visual Studio Solution File, Format Version 12.00
# Visual Studio Version 17
VisualStudioVersion = 17.4.33122.133
MinimumVisualStudioVersion = 10.0.40219.1
Project("{8BC9CEB8-8B4A-11D0-8D11-00A0C91BC942}") = "2-4", "2-4.vcxproj", "{140D785A-9A92-4F55-B426-18FA54822B5E}"
EndProject
Global
	GlobalSection(SolutionConfigurationPlatforms) = preSolution
		Debug|x64 = Debug|x64
		Debug|x86 = Debug|x86
		Release|x64 = Release|x64
		Release|x86 = Release|x86
	EndGlobalSection
	GlobalSection(ProjectConfigurationPlatforms) = postSolution
		{140D785A-9A92-4F55-B426-18FA54822B5E}.Debug|x64.ActiveCfg = Debug|x64
		{140D785A-9A92-4F55-B426-18FA54822B5E}.Debug|x64.Build.0 = Debug|x64
		{140D785A-9A92-4F55-B426-18FA54822B5E}.Debug|x86.ActiveCfg = Debug|Win32
		{140D785A-9A92-4F55-B426-18FA54822B5E}.Debug|x86.Build.0 = Debug|Win32
		{140D785A-9A92-4F55-B426-18FA54822B5E}.Release|x64.ActiveCfg = Release|x64
		{140D785A-9A92-4F55-B426-18FA54822B5E}.Release|x64.Build.0 = Release|x64
		{140D785A-9A92-4F55-B426-18FA54822B5E}.Release|x86.ActiveCfg = Release|Win32
		{140D785A-9A92-4F55-B426-18FA54822B5E}.Release|x86.Build.0 = Release|Win32
	EndGlobalSection
	GlobalSection(SolutionProperties) = preSolution
		HideSolutionNode = FALSE
	EndGlobalSection
	GlobalSection(ExtensibilityGlobals) = postSolution
		SolutionGuid = {E3458C3E-B5B6-4A74-A3BE-69E54CECA775}
	EndGlobalSection
EndGlobal
